Microsoft Visual Studio Solution File, Format Version 12.00
# Visual Studio Version 17
VisualStudioVersion = 17.5.2.0
MinimumVisualStudioVersion = 10.0.40219.1
Project("{2150E333-8FDC-42A3-9474-1A3956D46DE8}") = "Source", "Source", "{B8EFCA5F-814F-285C-A8CB-F00F14650265}"
EndProject
Project("{FAE04EC0-301F-11D3-BF4B-00C04F79EFBC}") = "TunnelerLife", "Source\TunnelerLife\TunnelerLife.csproj", "{BBA9577E-6435-0FFB-98F6-58819E986837}"
EndProject
Project("{FAE04EC0-301F-11D3-BF4B-00C04F79EFBC}") = "TunnelerLife.Tests", "Source\TunnelerLife.Tests\TunnelerLife.Tests.csproj", "{C3CAE8FB-6086-41A6-26B1-75220226F578}"
EndProject
Global
	GlobalSection(SolutionConfigurationPlatforms) = preSolution
		Debug|Any CPU = Debug|Any CPU
		Release|Any CPU = Release|Any CPU
	EndGlobalSection
	GlobalSection(ProjectConfigurationPlatforms) = postSolution
		{BBA9577E-6435-0FFB-98F6-58819E986837}.Debug|Any CPU.ActiveCfg = Debug|Any CPU
		{BBA9577E-6435-0FFB-98F6-58819E986837}.Debug|Any CPU.Build.0 = Debug|Any CPU
		{BBA9577E-6435-0FFB-98F6-58819E986837}.Release|Any CPU.ActiveCfg = Release|Any CPU
		{BBA9577E-6435-0FFB-98F6-58819E986837}.Release|Any CPU.Build.0 = Release|Any CPU
		{C3CAE8FB-6086-41A6-26B1-75220226F578}.Debug|Any CPU.ActiveCfg = Debug|Any CPU
		{C3CAE8FB-6086-41A6-26B1-75220226F578}.Debug|Any CPU.Build.0 = Debug|Any CPU
		{C3CAE8FB-6086-41A6-26B1-75220226F578}.Release|Any CPU.ActiveCfg = Release|Any CPU
		{C3CAE8FB-6086-41A6-26B1-75220226F578}.Release|Any CPU.Build.0 = Release|Any CPU
	EndGlobalSection
	GlobalSection(SolutionProperties) = preSolution
		HideSolutionNode = FALSE
	EndGlobalSection
	GlobalSection(NestedProjects) = preSolution
		{BBA9577E-6435-0FFB-98F6-58819E986837} = {B8EFCA5F-814F-285C-A8CB-F00F14650265}
		{C3CAE8FB-6086-41A6-26B1-75220226F578} = {B8EFCA5F-814F-285C-A8CB-F00F14650265}
	EndGlobalSection
	GlobalSection(ExtensibilityGlobals) = postSolution
		SolutionGuid = {7A2F30B7-4ECB-49B2-A9A2-41C0E3157508}
	EndGlobalSection
EndGlobal
